{
  "name": "edu_website",
  "version": "1.0.0",
  "lockfileVersion": 2,
  "requires": true,
  "packages": {
    "": {
      "name": "edu_website",
      "version": "1.0.0",
      "license": "ISC",
      "dependencies": {
        "dotenv": "^16.0.3",
        "lowdb": "^5.1.0"
      }
    },
    "node_modules/dotenv": {
      "version": "16.0.3",
      "resolved": "https://registry.npmjs.org/dotenv/-/dotenv-16.0.3.tgz",
      "integrity": "sha512-7GO6HghkA5fYG9TYnNxi14/7K9f5occMlp3zXAuSxn7CKCxt9xbNWG7yF8hTCSUchlfWSe3uLmlPfigevRItzQ==",
      "engines": {
        "node": ">=12"
      }
    },
    "node_modules/lowdb": {
      "version": "5.1.0",
      "resolved": "https://registry.npmjs.org/lowdb/-/lowdb-5.1.0.tgz",
      "integrity": "sha512-OEysJ2S3j05RqehEypEv3h6EgdV4Y7LTq7LngRNqe1IxsInOm66/sa3fzoI6mmqs2CC+zIJW3vfncGNv2IGi3A==",
      "dependencies": {
        "steno": "^3.0.0"
      },
      "engines": {
        "node": ">=14.16"
      },
      "funding": {
        "url": "https://github.com/sponsors/typicode"
      }
    },
    "node_modules/steno": {
      "version": "3.0.0",
      "resolved": "https://registry.npmjs.org/steno/-/steno-3.0.0.tgz",
      "integrity": "sha512-uZtn7Ht9yXLiYgOsmo8btj4+f7VxyYheMt8g6F1ANjyqByQXEE2Gygjgenp3otHH1TlHsS4JAaRGv5wJ1wvMNw==",
      "engines": {
        "node": ">=14.16"
      },
      "funding": {
        "url": "https://github.com/sponsors/typicode"
      }
    }
  },
  "dependencies": {
    "dotenv": {
      "version": "16.0.3",
      "resolved": "https://registry.npmjs.org/dotenv/-/dotenv-16.0.3.tgz",
      "integrity": "sha512-7GO6HghkA5fYG9TYnNxi14/7K9f5occMlp3zXAuSxn7CKCxt9xbNWG7yF8hTCSUchlfWSe3uLmlPfigevRItzQ=="
    },
    "lowdb": {
      "version": "5.1.0",
      "resolved": "https://registry.npmjs.org/lowdb/-/lowdb-5.1.0.tgz",
      "integrity": "sha512-OEysJ2S3j05RqehEypEv3h6EgdV4Y7LTq7LngRNqe1IxsInOm66/sa3fzoI6mmqs2CC+zIJW3vfncGNv2IGi3A==",
      "requires": {
        "steno": "^3.0.0"
      }
    },
    "steno": {
      "version": "3.0.0",
      "resolved": "https://registry.npmjs.org/steno/-/steno-3.0.0.tgz",
      "integrity": "sha512-uZtn7Ht9yXLiYgOsmo8btj4+f7VxyYheMt8g6F1ANjyqByQXEE2Gygjgenp3otHH1TlHsS4JAaRGv5wJ1wvMNw=="
    }
  }
}
